// !$*UTF8*$!
{
	archiveVersion = 1;
	classes = {
	};
	objectVersion = 50;
	objects = {

/* Begin PBXBuildFile section */
		04A5A6142178429900099BCE /* AddToDoViewController.swift in Sources */ = {isa = PBXBuildFile; fileRef = 04A5A6132178429900099BCE /* AddToDoViewController.swift */; };
		04A5A61621785A0800099BCE /* ToDoViewController.swift in Sources */ = {isa = PBXBuildFile; fileRef = 04A5A61521785A0800099BCE /* ToDoViewController.swift */; };
		04E2B7532176B31B00D5DC19 /* AppDelegate.swift in Sources */ = {isa = PBXBuildFile; fileRef = 04E2B7522176B31B00D5DC19 /* AppDelegate.swift */; };
		04E2B7582176B31B00D5DC19 /* Main.storyboard in Resources */ = {isa = PBXBuildFile; fileRef = 04E2B7562176B31B00D5DC19 /* Main.storyboard */; };
		04E2B75B2176B31B00D5DC19 /* ToDo_Listo.xcdatamodeld in Sources */ = {isa = PBXBuildFile; fileRef = 04E2B7592176B31B00D5DC19 /* ToDo_Listo.xcdatamodeld */; };
		04E2B75D2176B31E00D5DC19 /* Assets.xcassets in Resources */ = {isa = PBXBuildFile; fileRef = 04E2B75C2176B31E00D5DC19 /* Assets.xcassets */; };
		04E2B7602176B31E00D5DC19 /* LaunchScreen.storyboard in Resources */ = {isa = PBXBuildFile; fileRef = 04E2B75E2176B31E00D5DC19 /* LaunchScreen.storyboard */; };
		04E2B76E2176B70A00D5DC19 /* ToDoTableViewController.swift in Sources */ = {isa = PBXBuildFile; fileRef = 04E2B76D2176B70A00D5DC19 /* ToDoTableViewController.swift */; };
/* End PBXBuildFile section */

/* Begin PBXFileReference section */
		04A5A6132178429900099BCE /* AddToDoViewController.swift */ = {isa = PBXFileReference; lastKnownFileType = sourcecode.swift; path = AddToDoViewController.swift; sourceTree = "<group>"; };
		04A5A61521785A0800099BCE /* ToDoViewController.swift */ = {isa = PBXFileReference; lastKnownFileType = sourcecode.swift; path = ToDoViewController.swift; sourceTree = "<group>"; };
		04E2B74F2176B31B00D5DC19 /* ToDo Listo.app */ = {isa = PBXFileReference; explicitFileType = wrapper.application; includeInIndex = 0; path = "ToDo Listo.app"; sourceTree = BUILT_PRODUCTS_DIR; };
		04E2B7522176B31B00D5DC19 /* AppDelegate.swift */ = {isa = PBXFileReference; lastKnownFileType = sourcecode.swift; path = AppDelegate.swift; sourceTree = "<group>"; };
		04E2B7572176B31B00D5DC19 /* Base */ = {isa = PBXFileReference; lastKnownFileType = file.storyboard; name = Base; path = Base.lproj/Main.storyboard; sourceTree = "<group>"; };
		04E2B75A2176B31B00D5DC19 /* ToDo_Listo.xcdatamodel */ = {isa = PBXFileReference; lastKnownFileType = wrapper.xcdatamodel; path = ToDo_Listo.xcdatamodel; sourceTree = "<group>"; };
		04E2B75C2176B31E00D5DC19 /* Assets.xcassets */ = {isa = PBXFileReference; lastKnownFileType = folder.assetcatalog; path = Assets.xcassets; sourceTree = "<group>"; };
		04E2B75F2176B31E00D5DC19 /* Base */ = {isa = PBXFileReference; lastKnownFileType = file.storyboard; name = Base; path = Base.lproj/LaunchScreen.storyboard; sourceTree = "<group>"; };
		04E2B7612176B31E00D5DC19 /* Info.plist */ = {isa = PBXFileReference; lastKnownFileType = text.plist.xml; path = Info.plist; sourceTree = "<group>"; };
		04E2B76D2176B70A00D5DC19 /* ToDoTableViewController.swift */ = {isa = PBXFileReference; lastKnownFileType = sourcecode.swift; path = ToDoTableViewController.swift; sourceTree = "<group>"; };
/* End PBXFileReference section */

/* Begin PBXFrameworksBuildPhase section */
		04E2B74C2176B31B00D5DC19 /* Frameworks */ = {
			isa = PBXFrameworksBuildPhase;
			buildActionMask = 2147483647;
			files = (
			);
			runOnlyForDeploymentPostprocessing = 0;
		};
/* End PBXFrameworksBuildPhase section */

/* Begin PBXGroup section */
		04E2B7462176B31B00D5DC19 = {
			isa = PBXGroup;
			children = (
				04E2B7512176B31B00D5DC19 /* ToDo Listo */,
				04E2B7502176B31B00D5DC19 /* Products */,
			);
			sourceTree = "<group>";
		};
		04E2B7502176B31B00D5DC19 /* Products */ = {
			isa = PBXGroup;
			children = (
				04E2B74F2176B31B00D5DC19 /* ToDo Listo.app */,
			);
			name = Products;
			sourceTree = "<group>";
		};
		04E2B7512176B31B00D5DC19 /* ToDo Listo */ = {
			isa = PBXGroup;
			children = (
				04E2B7522176B31B00D5DC19 /* AppDelegate.swift */,
				04E2B76D2176B70A00D5DC19 /* ToDoTableViewController.swift */,
				04A5A6132178429900099BCE /* AddToDoViewController.swift */,
				04A5A61521785A0800099BCE /* ToDoViewController.swift */,
				04E2B7562176B31B00D5DC19 /* Main.storyboard */,
				04E2B75C2176B31E00D5DC19 /* Assets.xcassets */,
				04E2B75E2176B31E00D5DC19 /* LaunchScreen.storyboard */,
				04E2B7612176B31E00D5DC19 /* Info.plist */,
				04E2B7592176B31B00D5DC19 /* ToDo_Listo.xcdatamodeld */,
			);
			path = "ToDo Listo";
			sourceTree = "<group>";
		};
/* End PBXGroup section */

/* Begin PBXNativeTarget section */
		04E2B74E2176B31B00D5DC19 /* ToDo Listo */ = {
			isa = PBXNativeTarget;
			buildConfigurationList = 04E2B7642176B31E00D5DC19 /* Build configuration list for PBXNativeTarget "ToDo Listo" */;
			buildPhases = (
				04E2B74B2176B31B00D5DC19 /* Sources */,
				04E2B74C2176B31B00D5DC19 /* Frameworks */,
				04E2B74D2176B31B00D5DC19 /* Resources */,
			);
			buildRules = (
			);
			dependencies = (
			);
			name = "ToDo Listo";
			productName = "ToDo Listo";
			productReference = 04E2B74F2176B31B00D5DC19 /* ToDo Listo.app */;
			productType = "com.apple.product-type.application";
		};
/* End PBXNativeTarget section */

/* Begin PBXProject section */
		04E2B7472176B31B00D5DC19 /* Project object */ = {
			isa = PBXProject;
			attributes = {
				LastSwiftUpdateCheck = 1000;
				LastUpgradeCheck = 1000;
				ORGANIZATIONNAME = "Andres Felipe De La Ossa Navarro";
				TargetAttributes = {
					04E2B74E2176B31B00D5DC19 = {
						CreatedOnToolsVersion = 10.0;
					};
				};
			};
			buildConfigurationList = 04E2B74A2176B31B00D5DC19 /* Build configuration list for PBXProject "ToDo Listo" */;
			compatibilityVersion = "Xcode 9.3";
			developmentRegion = en;
			hasScannedForEncodings = 0;
			knownRegions = (
				en,
				Base,
			);
			mainGroup = 04E2B7462176B31B00D5DC19;
			productRefGroup = 04E2B7502176B31B00D5DC19 /* Products */;
			projectDirPath = "";
			projectRoot = "";
			targets = (
				04E2B74E2176B31B00D5DC19 /* ToDo Listo */,
			);
		};
/* End PBXProject section */

/* Begin PBXResourcesBuildPhase section */
		04E2B74D2176B31B00D5DC19 /* Resources */ = {
			isa = PBXResourcesBuildPhase;
			buildActionMask = 2147483647;
			files = (
				04E2B7602176B31E00D5DC19 /* LaunchScreen.storyboard in Resources */,
				04E2B75D2176B31E00D5DC19 /* Assets.xcassets in Resources */,
				04E2B7582176B31B00D5DC19 /* Main.storyboard in Resources */,
			);
			runOnlyForDeploymentPostprocessing = 0;
		};
/* End PBXResourcesBuildPhase section */

/* Begin PBXSourcesBuildPhase section */
		04E2B74B2176B31B00D5DC19 /* Sources */ = {
			isa = PBXSourcesBuildPhase;
			buildActionMask = 2147483647;
			files = (
				04E2B7532176B31B00D5DC19 /* AppDelegate.swift in Sources */,
				04E2B76E2176B70A00D5DC19 /* ToDoTableViewController.swift in Sources */,
				04A5A6142178429900099BCE /* AddToDoViewController.swift in Sources */,
				04E2B75B2176B31B00D5DC19 /* ToDo_Listo.xcdatamodeld in Sources */,
				04A5A61621785A0800099BCE /* ToDoViewController.swift in Sources */,
			);
			runOnlyForDeploymentPostprocessing = 0;
		};
/* End PBXSourcesBuildPhase section */

/* Begin PBXVariantGroup section */
		04E2B7562176B31B00D5DC19 /* Main.storyboard */ = {
			isa = PBXVariantGroup;
			children = (
				04E2B7572176B31B00D5DC19 /* Base */,
			);
			name = Main.storyboard;
			sourceTree = "<group>";
		};
		04E2B75E2176B31E00D5DC19 /* LaunchScreen.storyboard */ = {
			isa = PBXVariantGroup;
			children = (
				04E2B75F2176B31E00D5DC19 /* Base */,
			);
			name = LaunchScreen.storyboard;
			sourceTree = "<group>";
		};
/* End PBXVariantGroup section */

/* Begin XCBuildConfiguration section */
		04E2B7622176B31E00D5DC19 /* Debug */ = {
			isa = XCBuildConfiguration;
			buildSettings = {
				ALWAYS_SEARCH_USER_PATHS = NO;
				CLANG_ANALYZER_NONNULL = YES;
				CLANG_ANALYZER_NUMBER_OBJECT_CONVERSION = YES_AGGRESSIVE;
				CLANG_CXX_LANGUAGE_STANDARD = "gnu++14";
				CLANG_CXX_LIBRARY = "libc++";
				CLANG_ENABLE_MODULES = YES;
				CLANG_ENABLE_OBJC_ARC = YES;
				CLANG_ENABLE_OBJC_WEAK = YES;
				CLANG_WARN_BLOCK_CAPTURE_AUTORELEASING = YES;
				CLANG_WARN_BOOL_CONVERSION = YES;
				CLANG_WARN_COMMA = YES;
				CLANG_WARN_CONSTANT_CONVERSION = YES;
				CLANG_WARN_DEPRECATED_OBJC_IMPLEMENTATIONS = YES;
				CLANG_WARN_DIRECT_OBJC_ISA_USAGE = YES_ERROR;
				CLANG_WARN_DOCUMENTATION_COMMENTS = YES;
				CLANG_WARN_EMPTY_BODY = YES;
				CLANG_WARN_ENUM_CONVERSION = YES;
				CLANG_WARN_INFINITE_RECURSION = YES;
				CLANG_WARN_INT_CONVERSION = YES;
				CLANG_WARN_NON_LITERAL_NULL_CONVERSION = YES;
				CLANG_WARN_OBJC_IMPLICIT_RETAIN_SELF = YES;
				CLANG_WARN_OBJC_LITERAL_CONVERSION = YES;
				CLANG_WARN_OBJC_ROOT_CLASS = YES_ERROR;
				CLANG_WARN_RANGE_LOOP_ANALYSIS = YES;
				CLANG_WARN_STRICT_PROTOTYPES = YES;
				CLANG_WARN_SUSPICIOUS_MOVE = YES;
				CLANG_WARN_UNGUARDED_AVAILABILITY = YES_AGGRESSIVE;
				CLANG_WARN_UNREACHABLE_CODE = YES;
				CLANG_WARN__DUPLICATE_METHOD_MATCH = YES;
				CODE_SIGN_IDENTITY = "iPhone Developer";
				COPY_PHASE_STRIP = NO;
				DEBUG_INFORMATION_FORMAT = dwarf;
				ENABLE_STRICT_OBJC_MSGSEND = YES;
				ENABLE_TESTABILITY = YES;
				GCC_C_LANGUAGE_STANDARD = gnu11;
				GCC_DYNAMIC_NO_PIC = NO;
				GCC_NO_COMMON_BLOCKS = YES;
				GCC_OPTIMIZATION_LEVEL = 0;
				GCC_PREPROCESSOR_DEFINITIONS = (
					"DEBUG=1",
					"$(inherited)",
				);
				GCC_WARN_64_TO_32_BIT_CONVERSION = YES;
				GCC_WARN_ABOUT_RETURN_TYPE = YES_ERROR;
				GCC_WARN_UNDECLARED_SELECTOR = YES;
				GCC_WARN_UNINITIALIZED_AUTOS = YES_AGGRESSIVE;
				GCC_WARN_UNUSED_FUNCTION = YES;
				GCC_WARN_UNUSED_VARIABLE = YES;
				IPHONEOS_DEPLOYMENT_TARGET = 12.0;
				MTL_ENABLE_DEBUG_INFO = INCLUDE_SOURCE;
				MTL_FAST_MATH = YES;
				ONLY_ACTIVE_ARCH = YES;
				SDKROOT = iphoneos;
				SWIFT_ACTIVE_COMPILATION_CONDITIONS = DEBUG;
				SWIFT_OPTIMIZATION_LEVEL = "-Onone";
			};
			name = Debug;
		};
		04E2B7632176B31E00D5DC19 /* Release */ = {
			isa = XCBuildConfiguration;
			buildSettings = {
				ALWAYS_SEARCH_USER_PATHS = NO;
				CLANG_ANALYZER_NONNULL = YES;
				CLANG_ANALYZER_NUMBER_OBJECT_CONVERSION = YES_AGGRESSIVE;
				CLANG_CXX_LANGUAGE_STANDARD = "gnu++14";
				CLANG_CXX_LIBRARY = "libc++";
				CLANG_ENABLE_MODULES = YES;
				CLANG_ENABLE_OBJC_ARC = YES;
				CLANG_ENABLE_OBJC_WEAK = YES;
				CLANG_WARN_BLOCK_CAPTURE_AUTORELEASING = YES;
				CLANG_WARN_BOOL_CONVERSION = YES;
				CLANG_WARN_COMMA = YES;
				CLANG_WARN_CONSTANT_CONVERSION = YES;
				CLANG_WARN_DEPRECATED_OBJC_IMPLEMENTATIONS = YES;
				CLANG_WARN_DIRECT_OBJC_ISA_USAGE = YES_ERROR;
				CLANG_WARN_DOCUMENTATION_COMMENTS = YES;
				CLANG_WARN_EMPTY_BODY = YES;
				CLANG_WARN_ENUM_CONVERSION = YES;
				CLANG_WARN_INFINITE_RECURSION = YES;
				CLANG_WARN_INT_CONVERSION = YES;
				CLANG_WARN_NON_LITERAL_NULL_CONVERSION = YES;
				CLANG_WARN_OBJC_IMPLICIT_RETAIN_SELF = YES;
				CLANG_WARN_OBJC_LITERAL_CONVERSION = YES;
				CLANG_WARN_OBJC_ROOT_CLASS = YES_ERROR;
				CLANG_WARN_RANGE_LOOP_ANALYSIS = YES;
				CLANG_WARN_STRICT_PROTOTYPES = YES;
				CLANG_WARN_SUSPICIOUS_MOVE = YES;
				CLANG_WARN_UNGUARDED_AVAILABILITY = YES_AGGRESSIVE;
				CLANG_WARN_UNREACHABLE_CODE = YES;
				CLANG_WARN__DUPLICATE_METHOD_MATCH = YES;
				CODE_SIGN_IDENTITY = "iPhone Developer";
				COPY_PHASE_STRIP = NO;
				DEBUG_INFORMATION_FORMAT = "dwarf-with-dsym";
				ENABLE_NS_ASSERTIONS = NO;
				ENABLE_STRICT_OBJC_MSGSEND = YES;
				GCC_C_LANGUAGE_STANDARD = gnu11;
				GCC_NO_COMMON_BLOCKS = YES;
				GCC_WARN_64_TO_32_BIT_CONVERSION = YES;
				GCC_WARN_ABOUT_RETURN_TYPE = YES_ERROR;
				GCC_WARN_UNDECLARED_SELECTOR = YES;
				GCC_WARN_UNINITIALIZED_AUTOS = YES_AGGRESSIVE;
				GCC_WARN_UNUSED_FUNCTION = YES;
				GCC_WARN_UNUSED_VARIABLE = YES;
				IPHONEOS_DEPLOYMENT_TARGET = 12.0;
				MTL_ENABLE_DEBUG_INFO = NO;
				MTL_FAST_MATH = YES;
				SDKROOT = iphoneos;
				SWIFT_COMPILATION_MODE = wholemodule;
				SWIFT_OPTIMIZATION_LEVEL = "-O";
				VALIDATE_PRODUCT = YES;
			};
			name = Release;
		};
		04E2B7652176B31E00D5DC19 /* Debug */ = {
			isa = XCBuildConfiguration;
			buildSettings = {
				ASSETCATALOG_COMPILER_APPICON_NAME = AppIcon;
				CODE_SIGN_STYLE = Automatic;
				DEVELOPMENT_TEAM = P48P2G5UA9;
				INFOPLIST_FILE = "ToDo Listo/Info.plist";
				LD_RUNPATH_SEARCH_PATHS = (
					"$(inherited)",
					"@executable_path/Frameworks",
				);
				PRODUCT_BUNDLE_IDENTIFIER = "Ossa.ToDo-Listo";
				PRODUCT_NAME = "$(TARGET_NAME)";
				SWIFT_VERSION = 4.2;
				TARGETED_DEVICE_FAMILY = "1,2";
			};
			name = Debug;
		};
		04E2B7662176B31E00D5DC19 /* Release */ = {
			isa = XCBuildConfiguration;
			buildSettings = {
				ASSETCATALOG_COMPILER_APPICON_NAME = AppIcon;
				CODE_SIGN_STYLE = Automatic;
				DEVELOPMENT_TEAM = P48P2G5UA9;
				INFOPLIST_FILE = "ToDo Listo/Info.plist";
				LD_RUNPATH_SEARCH_PATHS = (
					"$(inherited)",
					"@executable_path/Frameworks",
				);
				PRODUCT_BUNDLE_IDENTIFIER = "Ossa.ToDo-Listo";
				PRODUCT_NAME = "$(TARGET_NAME)";
				SWIFT_VERSION = 4.2;
				TARGETED_DEVICE_FAMILY = "1,2";
			};
			name = Release;
		};
/* End XCBuildConfiguration section */

/* Begin XCConfigurationList section */
		04E2B74A2176B31B00D5DC19 /* Build configuration list for PBXProject "ToDo Listo" */ = {
			isa = XCConfigurationList;
			buildConfigurations = (
				04E2B7622176B31E00D5DC19 /* Debug */,
				04E2B7632176B31E00D5DC19 /* Release */,
			);
			defaultConfigurationIsVisible = 0;
			defaultConfigurationName = Release;
		};
		04E2B7642176B31E00D5DC19 /* Build configuration list for PBXNativeTarget "ToDo Listo" */ = {
			isa = XCConfigurationList;
			buildConfigurations = (
				04E2B7652176B31E00D5DC19 /* Debug */,
				04E2B7662176B31E00D5DC19 /* Release */,
			);
			defaultConfigurationIsVisible = 0;
			defaultConfigurationName = Release;
		};
/* End XCConfigurationList section */

/* Begin XCVersionGroup section */
		04E2B7592176B31B00D5DC19 /* ToDo_Listo.xcdatamodeld */ = {
			isa = XCVersionGroup;
			children = (
				04E2B75A2176B31B00D5DC19 /* ToDo_Listo.xcdatamodel */,
			);
			currentVersion = 04E2B75A2176B31B00D5DC19 /* ToDo_Listo.xcdatamodel */;
			path = ToDo_Listo.xcdatamodeld;
			sourceTree = "<group>";
			versionGroupType = wrapper.xcdatamodel;
		};
/* End XCVersionGroup section */
	};
	rootObject = 04E2B7472176B31B00D5DC19 /* Project object */;
}
